
Microsoft Visual Studio Solution File, Format Version 12.00
# Visual Studio Version 17
VisualStudioVersion = 17.9.34728.123
MinimumVisualStudioVersion = 10.0.40219.1
Project("{9A19103F-16F7-4668-BE54-9A1E7A4F7556}") = "Student.Test", "Student.Test\Student.Test.csproj", "{B5F8928F-A352-4438-9DDE-A607F8F469B2}"
EndProject
Project("{FAE04EC0-301F-11D3-BF4B-00C04F79EFBC}") = "Student.API", "Student.API\Student.API.csproj", "{D3249B64-D3C0-42CD-81E0-6BBB7DABB815}"
EndProject
Global
	GlobalSection(SolutionConfigurationPlatforms) = preSolution
		Debug|Any CPU = Debug|Any CPU
		Release|Any CPU = Release|Any CPU
	EndGlobalSection
	GlobalSection(ProjectConfigurationPlatforms) = postSolution
		{B5F8928F-A352-4438-9DDE-A607F8F469B2}.Debug|Any CPU.ActiveCfg = Debug|Any CPU
		{B5F8928F-A352-4438-9DDE-A607F8F469B2}.Debug|Any CPU.Build.0 = Debug|Any CPU
		{B5F8928F-A352-4438-9DDE-A607F8F469B2}.Release|Any CPU.ActiveCfg = Release|Any CPU
		{B5F8928F-A352-4438-9DDE-A607F8F469B2}.Release|Any CPU.Build.0 = Release|Any CPU
		{D3249B64-D3C0-42CD-81E0-6BBB7DABB815}.Debug|Any CPU.ActiveCfg = Debug|Any CPU
		{D3249B64-D3C0-42CD-81E0-6BBB7DABB815}.Debug|Any CPU.Build.0 = Debug|Any CPU
		{D3249B64-D3C0-42CD-81E0-6BBB7DABB815}.Release|Any CPU.ActiveCfg = Release|Any CPU
		{D3249B64-D3C0-42CD-81E0-6BBB7DABB815}.Release|Any CPU.Build.0 = Release|Any CPU
	EndGlobalSection
	GlobalSection(SolutionProperties) = preSolution
		HideSolutionNode = FALSE
	EndGlobalSection
	GlobalSection(ExtensibilityGlobals) = postSolution
		SolutionGuid = {DF790C16-7C6D-4DB5-93E3-9A317F3A9F0C}
	EndGlobalSection
EndGlobal
